{
  "name": "Inteli-Gerdau-M6",
  "lockfileVersion": 2,
  "requires": true,
  "packages": {
    "": {
      "devDependencies": {
        "typeface-inter": "^3.18.1",
        "typeface-montserrat": "^1.1.13"
      }
    },
    "node_modules/typeface-inter": {
      "version": "3.18.1",
      "resolved": "https://registry.npmjs.org/typeface-inter/-/typeface-inter-3.18.1.tgz",
      "integrity": "sha512-c+TBanYFCvmg3j5vPk+zxK4ocMZbPxMEmjnwG7rPQoV87xvQ6b07VbAOC0Va0XBbbZCGw6cWNeFuLeg1YQru3Q==",
      "dev": true
    },
    "node_modules/typeface-montserrat": {
      "version": "1.1.13",
      "resolved": "https://registry.npmjs.org/typeface-montserrat/-/typeface-montserrat-1.1.13.tgz",
      "integrity": "sha512-Pklkyj0e+K+6I/t0M6JBDBphpfJkF1k+3qd8qDnp9aVtCC7oGBQWTAcL6+5eArfGe7h73uPwyal73hEkf9YCUA==",
      "dev": true
    }
  },
  "dependencies": {
    "typeface-inter": {
      "version": "3.18.1",
      "resolved": "https://registry.npmjs.org/typeface-inter/-/typeface-inter-3.18.1.tgz",
      "integrity": "sha512-c+TBanYFCvmg3j5vPk+zxK4ocMZbPxMEmjnwG7rPQoV87xvQ6b07VbAOC0Va0XBbbZCGw6cWNeFuLeg1YQru3Q==",
      "dev": true
    },
    "typeface-montserrat": {
      "version": "1.1.13",
      "resolved": "https://registry.npmjs.org/typeface-montserrat/-/typeface-montserrat-1.1.13.tgz",
      "integrity": "sha512-Pklkyj0e+K+6I/t0M6JBDBphpfJkF1k+3qd8qDnp9aVtCC7oGBQWTAcL6+5eArfGe7h73uPwyal73hEkf9YCUA==",
      "dev": true
    }
  }
}
